// !$*UTF8*$!
{
	archiveVersion = 1;
	classes = {
	};
	objectVersion = 56;
	objects = {

/* Begin PBXBuildFile section */
		DDB4DF3A2AEED1720051E49E /* AppDelegate.swift in Sources */ = {isa = PBXBuildFile; fileRef = DDB4DF392AEED1720051E49E /* AppDelegate.swift */; };
		DDB4DF3C2AEED1720051E49E /* SceneDelegate.swift in Sources */ = {isa = PBXBuildFile; fileRef = DDB4DF3B2AEED1720051E49E /* SceneDelegate.swift */; };
		DDB4DF432AEED1740051E49E /* Assets.xcassets in Resources */ = {isa = PBXBuildFile; fileRef = DDB4DF422AEED1740051E49E /* Assets.xcassets */; };
		DDB4DF462AEED1740051E49E /* LaunchScreen.storyboard in Resources */ = {isa = PBXBuildFile; fileRef = DDB4DF442AEED1740051E49E /* LaunchScreen.storyboard */; };
		DDB4DF532AEED5D00051E49E /* MainViewController.swift in Sources */ = {isa = PBXBuildFile; fileRef = DDB4DF522AEED5D00051E49E /* MainViewController.swift */; };
		DDB4DF552AEED63F0051E49E /* SearchViewController.swift in Sources */ = {isa = PBXBuildFile; fileRef = DDB4DF542AEED63F0051E49E /* SearchViewController.swift */; };
		DDB4DF572AEED6880051E49E /* СartViewController.swift in Sources */ = {isa = PBXBuildFile; fileRef = DDB4DF562AEED6880051E49E /* СartViewController.swift */; };
		DDB4DF592AEED6D80051E49E /* AccountViewController.swift in Sources */ = {isa = PBXBuildFile; fileRef = DDB4DF582AEED6D80051E49E /* AccountViewController.swift */; };
		DDB4DF5C2AEEF08B0051E49E /* SF-Pro-Display-Medium.otf in Resources */ = {isa = PBXBuildFile; fileRef = DDB4DF5B2AEEF08B0051E49E /* SF-Pro-Display-Medium.otf */; };
		DDB4DF5E2AEEF0950051E49E /* SF-Pro-Display-Regular.otf in Resources */ = {isa = PBXBuildFile; fileRef = DDB4DF5D2AEEF0950051E49E /* SF-Pro-Display-Regular.otf */; };
		DDB4DF612AEEF5D90051E49E /* MainView.swift in Sources */ = {isa = PBXBuildFile; fileRef = DDB4DF602AEEF5D90051E49E /* MainView.swift */; };
		DDB4DF642AEEF7B40051E49E /* UIView+AddSudviews.swift in Sources */ = {isa = PBXBuildFile; fileRef = DDB4DF632AEEF7B40051E49E /* UIView+AddSudviews.swift */; };
		DDB4DF672AEEF9750051E49E /* MainScreenViewPresenter.swift in Sources */ = {isa = PBXBuildFile; fileRef = DDB4DF662AEEF9750051E49E /* MainScreenViewPresenter.swift */; };
		DDB4DF6A2AEF98CC0051E49E /* ModelBuilder.swift in Sources */ = {isa = PBXBuildFile; fileRef = DDB4DF692AEF98CC0051E49E /* ModelBuilder.swift */; };
		DDB4DF6D2AEFA88E0051E49E /* LocationService.swift in Sources */ = {isa = PBXBuildFile; fileRef = DDB4DF6C2AEFA88E0051E49E /* LocationService.swift */; };
/* End PBXBuildFile section */

/* Begin PBXFileReference section */
		DDB4DF362AEED1720051E49E /* FoodDelivery.app */ = {isa = PBXFileReference; explicitFileType = wrapper.application; includeInIndex = 0; path = FoodDelivery.app; sourceTree = BUILT_PRODUCTS_DIR; };
		DDB4DF392AEED1720051E49E /* AppDelegate.swift */ = {isa = PBXFileReference; lastKnownFileType = sourcecode.swift; path = AppDelegate.swift; sourceTree = "<group>"; };
		DDB4DF3B2AEED1720051E49E /* SceneDelegate.swift */ = {isa = PBXFileReference; lastKnownFileType = sourcecode.swift; path = SceneDelegate.swift; sourceTree = "<group>"; };
		DDB4DF422AEED1740051E49E /* Assets.xcassets */ = {isa = PBXFileReference; lastKnownFileType = folder.assetcatalog; path = Assets.xcassets; sourceTree = "<group>"; };
		DDB4DF452AEED1740051E49E /* Base */ = {isa = PBXFileReference; lastKnownFileType = file.storyboard; name = Base; path = Base.lproj/LaunchScreen.storyboard; sourceTree = "<group>"; };
		DDB4DF472AEED1740051E49E /* Info.plist */ = {isa = PBXFileReference; lastKnownFileType = text.plist.xml; path = Info.plist; sourceTree = "<group>"; };
		DDB4DF522AEED5D00051E49E /* MainViewController.swift */ = {isa = PBXFileReference; lastKnownFileType = sourcecode.swift; path = MainViewController.swift; sourceTree = "<group>"; };
		DDB4DF542AEED63F0051E49E /* SearchViewController.swift */ = {isa = PBXFileReference; lastKnownFileType = sourcecode.swift; path = SearchViewController.swift; sourceTree = "<group>"; };
		DDB4DF562AEED6880051E49E /* СartViewController.swift */ = {isa = PBXFileReference; lastKnownFileType = sourcecode.swift; path = "СartViewController.swift"; sourceTree = "<group>"; };
		DDB4DF582AEED6D80051E49E /* AccountViewController.swift */ = {isa = PBXFileReference; lastKnownFileType = sourcecode.swift; path = AccountViewController.swift; sourceTree = "<group>"; };
		DDB4DF5B2AEEF08B0051E49E /* SF-Pro-Display-Medium.otf */ = {isa = PBXFileReference; lastKnownFileType = file; path = "SF-Pro-Display-Medium.otf"; sourceTree = "<group>"; };
		DDB4DF5D2AEEF0950051E49E /* SF-Pro-Display-Regular.otf */ = {isa = PBXFileReference; lastKnownFileType = file; path = "SF-Pro-Display-Regular.otf"; sourceTree = "<group>"; };
		DDB4DF602AEEF5D90051E49E /* MainView.swift */ = {isa = PBXFileReference; lastKnownFileType = sourcecode.swift; path = MainView.swift; sourceTree = "<group>"; };
		DDB4DF632AEEF7B40051E49E /* UIView+AddSudviews.swift */ = {isa = PBXFileReference; lastKnownFileType = sourcecode.swift; path = "UIView+AddSudviews.swift"; sourceTree = "<group>"; };
		DDB4DF662AEEF9750051E49E /* MainScreenViewPresenter.swift */ = {isa = PBXFileReference; lastKnownFileType = sourcecode.swift; path = MainScreenViewPresenter.swift; sourceTree = "<group>"; };
		DDB4DF692AEF98CC0051E49E /* ModelBuilder.swift */ = {isa = PBXFileReference; lastKnownFileType = sourcecode.swift; path = ModelBuilder.swift; sourceTree = "<group>"; };
		DDB4DF6C2AEFA88E0051E49E /* LocationService.swift */ = {isa = PBXFileReference; lastKnownFileType = sourcecode.swift; path = LocationService.swift; sourceTree = "<group>"; };
/* End PBXFileReference section */

/* Begin PBXFrameworksBuildPhase section */
		DDB4DF332AEED1720051E49E /* Frameworks */ = {
			isa = PBXFrameworksBuildPhase;
			buildActionMask = 2147483647;
			files = (
			);
			runOnlyForDeploymentPostprocessing = 0;
		};
/* End PBXFrameworksBuildPhase section */

/* Begin PBXGroup section */
		DDB4DF2D2AEED1710051E49E = {
			isa = PBXGroup;
			children = (
				DDB4DF382AEED1720051E49E /* FoodDelivery */,
				DDB4DF372AEED1720051E49E /* Products */,
			);
			sourceTree = "<group>";
		};
		DDB4DF372AEED1720051E49E /* Products */ = {
			isa = PBXGroup;
			children = (
				DDB4DF362AEED1720051E49E /* FoodDelivery.app */,
			);
			name = Products;
			sourceTree = "<group>";
		};
		DDB4DF382AEED1720051E49E /* FoodDelivery */ = {
			isa = PBXGroup;
			children = (
				DDB4DF4D2AEED1BD0051E49E /* Application */,
				DDB4DF622AEEF7940051E49E /* Core */,
				DDB4DF682AEEFA4D0051E49E /* Model */,
				DDB4DF512AEED4590051E49E /* Controller */,
				DDB4DF652AEEF9080051E49E /* Presenter */,
				DDB4DF6B2AEFA8090051E49E /* Services */,
				DDB4DF502AEED4290051E49E /* Supporting files */,
			);
			path = FoodDelivery;
			sourceTree = "<group>";
		};
		DDB4DF4D2AEED1BD0051E49E /* Application */ = {
			isa = PBXGroup;
			children = (
				DDB4DF4F2AEED1E50051E49E /* Controller */,
				DDB4DF4E2AEED1D70051E49E /* View */,
			);
			path = Application;
			sourceTree = "<group>";
		};
		DDB4DF4E2AEED1D70051E49E /* View */ = {
			isa = PBXGroup;
			children = (
				DDB4DF442AEED1740051E49E /* LaunchScreen.storyboard */,
			);
			path = View;
			sourceTree = "<group>";
		};
		DDB4DF4F2AEED1E50051E49E /* Controller */ = {
			isa = PBXGroup;
			children = (
				DDB4DF3B2AEED1720051E49E /* SceneDelegate.swift */,
				DDB4DF392AEED1720051E49E /* AppDelegate.swift */,
				DDB4DF692AEF98CC0051E49E /* ModelBuilder.swift */,
			);
			path = Controller;
			sourceTree = "<group>";
		};
		DDB4DF502AEED4290051E49E /* Supporting files */ = {
			isa = PBXGroup;
			children = (
				DDB4DF5A2AEEF0650051E49E /* Fonts */,
				DDB4DF422AEED1740051E49E /* Assets.xcassets */,
				DDB4DF472AEED1740051E49E /* Info.plist */,
			);
			path = "Supporting files";
			sourceTree = "<group>";
		};
		DDB4DF512AEED4590051E49E /* Controller */ = {
			isa = PBXGroup;
			children = (
				DDB4DF522AEED5D00051E49E /* MainViewController.swift */,
				DDB4DF542AEED63F0051E49E /* SearchViewController.swift */,
				DDB4DF562AEED6880051E49E /* СartViewController.swift */,
				DDB4DF582AEED6D80051E49E /* AccountViewController.swift */,
				DDB4DF5F2AEEF5B50051E49E /* View */,
			);
			path = Controller;
			sourceTree = "<group>";
		};
		DDB4DF5A2AEEF0650051E49E /* Fonts */ = {
			isa = PBXGroup;
			children = (
				DDB4DF5D2AEEF0950051E49E /* SF-Pro-Display-Regular.otf */,
				DDB4DF5B2AEEF08B0051E49E /* SF-Pro-Display-Medium.otf */,
			);
			path = Fonts;
			sourceTree = "<group>";
		};
		DDB4DF5F2AEEF5B50051E49E /* View */ = {
			isa = PBXGroup;
			children = (
				DDB4DF602AEEF5D90051E49E /* MainView.swift */,
			);
			path = View;
			sourceTree = "<group>";
		};
		DDB4DF622AEEF7940051E49E /* Core */ = {
			isa = PBXGroup;
			children = (
				DDB4DF632AEEF7B40051E49E /* UIView+AddSudviews.swift */,
			);
			path = Core;
			sourceTree = "<group>";
		};
		DDB4DF652AEEF9080051E49E /* Presenter */ = {
			isa = PBXGroup;
			children = (
				DDB4DF662AEEF9750051E49E /* MainScreenViewPresenter.swift */,
			);
			path = Presenter;
			sourceTree = "<group>";
		};
		DDB4DF682AEEFA4D0051E49E /* Model */ = {
			isa = PBXGroup;
			children = (
			);
			path = Model;
			sourceTree = "<group>";
		};
		DDB4DF6B2AEFA8090051E49E /* Services */ = {
			isa = PBXGroup;
			children = (
				DDB4DF6C2AEFA88E0051E49E /* LocationService.swift */,
			);
			path = Services;
			sourceTree = "<group>";
		};
/* End PBXGroup section */

/* Begin PBXNativeTarget section */
		DDB4DF352AEED1720051E49E /* FoodDelivery */ = {
			isa = PBXNativeTarget;
			buildConfigurationList = DDB4DF4A2AEED1740051E49E /* Build configuration list for PBXNativeTarget "FoodDelivery" */;
			buildPhases = (
				DDB4DF322AEED1720051E49E /* Sources */,
				DDB4DF332AEED1720051E49E /* Frameworks */,
				DDB4DF342AEED1720051E49E /* Resources */,
			);
			buildRules = (
			);
			dependencies = (
			);
			name = FoodDelivery;
			productName = FoodDelivery;
			productReference = DDB4DF362AEED1720051E49E /* FoodDelivery.app */;
			productType = "com.apple.product-type.application";
		};
/* End PBXNativeTarget section */

/* Begin PBXProject section */
		DDB4DF2E2AEED1710051E49E /* Project object */ = {
			isa = PBXProject;
			attributes = {
				BuildIndependentTargetsInParallel = 1;
				LastSwiftUpdateCheck = 1500;
				LastUpgradeCheck = 1500;
				TargetAttributes = {
					DDB4DF352AEED1720051E49E = {
						CreatedOnToolsVersion = 15.0;
					};
				};
			};
			buildConfigurationList = DDB4DF312AEED1710051E49E /* Build configuration list for PBXProject "FoodDelivery" */;
			compatibilityVersion = "Xcode 14.0";
			developmentRegion = en;
			hasScannedForEncodings = 0;
			knownRegions = (
				en,
				Base,
			);
			mainGroup = DDB4DF2D2AEED1710051E49E;
			productRefGroup = DDB4DF372AEED1720051E49E /* Products */;
			projectDirPath = "";
			projectRoot = "";
			targets = (
				DDB4DF352AEED1720051E49E /* FoodDelivery */,
			);
		};
/* End PBXProject section */

/* Begin PBXResourcesBuildPhase section */
		DDB4DF342AEED1720051E49E /* Resources */ = {
			isa = PBXResourcesBuildPhase;
			buildActionMask = 2147483647;
			files = (
				DDB4DF5C2AEEF08B0051E49E /* SF-Pro-Display-Medium.otf in Resources */,
				DDB4DF462AEED1740051E49E /* LaunchScreen.storyboard in Resources */,
				DDB4DF5E2AEEF0950051E49E /* SF-Pro-Display-Regular.otf in Resources */,
				DDB4DF432AEED1740051E49E /* Assets.xcassets in Resources */,
			);
			runOnlyForDeploymentPostprocessing = 0;
		};
/* End PBXResourcesBuildPhase section */

/* Begin PBXSourcesBuildPhase section */
		DDB4DF322AEED1720051E49E /* Sources */ = {
			isa = PBXSourcesBuildPhase;
			buildActionMask = 2147483647;
			files = (
				DDB4DF3A2AEED1720051E49E /* AppDelegate.swift in Sources */,
				DDB4DF612AEEF5D90051E49E /* MainView.swift in Sources */,
				DDB4DF642AEEF7B40051E49E /* UIView+AddSudviews.swift in Sources */,
				DDB4DF3C2AEED1720051E49E /* SceneDelegate.swift in Sources */,
				DDB4DF592AEED6D80051E49E /* AccountViewController.swift in Sources */,
				DDB4DF672AEEF9750051E49E /* MainScreenViewPresenter.swift in Sources */,
				DDB4DF6D2AEFA88E0051E49E /* LocationService.swift in Sources */,
				DDB4DF552AEED63F0051E49E /* SearchViewController.swift in Sources */,
				DDB4DF532AEED5D00051E49E /* MainViewController.swift in Sources */,
				DDB4DF572AEED6880051E49E /* СartViewController.swift in Sources */,
				DDB4DF6A2AEF98CC0051E49E /* ModelBuilder.swift in Sources */,
			);
			runOnlyForDeploymentPostprocessing = 0;
		};
/* End PBXSourcesBuildPhase section */

/* Begin PBXVariantGroup section */
		DDB4DF442AEED1740051E49E /* LaunchScreen.storyboard */ = {
			isa = PBXVariantGroup;
			children = (
				DDB4DF452AEED1740051E49E /* Base */,
			);
			name = LaunchScreen.storyboard;
			sourceTree = "<group>";
		};
/* End PBXVariantGroup section */

/* Begin XCBuildConfiguration section */
		DDB4DF482AEED1740051E49E /* Debug */ = {
			isa = XCBuildConfiguration;
			buildSettings = {
				ALWAYS_SEARCH_USER_PATHS = NO;
				ASSETCATALOG_COMPILER_GENERATE_SWIFT_ASSET_SYMBOL_EXTENSIONS = YES;
				CLANG_ANALYZER_NONNULL = YES;
				CLANG_ANALYZER_NUMBER_OBJECT_CONVERSION = YES_AGGRESSIVE;
				CLANG_CXX_LANGUAGE_STANDARD = "gnu++20";
				CLANG_ENABLE_MODULES = YES;
				CLANG_ENABLE_OBJC_ARC = YES;
				CLANG_ENABLE_OBJC_WEAK = YES;
				CLANG_WARN_BLOCK_CAPTURE_AUTORELEASING = YES;
				CLANG_WARN_BOOL_CONVERSION = YES;
				CLANG_WARN_COMMA = YES;
				CLANG_WARN_CONSTANT_CONVERSION = YES;
				CLANG_WARN_DEPRECATED_OBJC_IMPLEMENTATIONS = YES;
				CLANG_WARN_DIRECT_OBJC_ISA_USAGE = YES_ERROR;
				CLANG_WARN_DOCUMENTATION_COMMENTS = YES;
				CLANG_WARN_EMPTY_BODY = YES;
				CLANG_WARN_ENUM_CONVERSION = YES;
				CLANG_WARN_INFINITE_RECURSION = YES;
				CLANG_WARN_INT_CONVERSION = YES;
				CLANG_WARN_NON_LITERAL_NULL_CONVERSION = YES;
				CLANG_WARN_OBJC_IMPLICIT_RETAIN_SELF = YES;
				CLANG_WARN_OBJC_LITERAL_CONVERSION = YES;
				CLANG_WARN_OBJC_ROOT_CLASS = YES_ERROR;
				CLANG_WARN_QUOTED_INCLUDE_IN_FRAMEWORK_HEADER = YES;
				CLANG_WARN_RANGE_LOOP_ANALYSIS = YES;
				CLANG_WARN_STRICT_PROTOTYPES = YES;
				CLANG_WARN_SUSPICIOUS_MOVE = YES;
				CLANG_WARN_UNGUARDED_AVAILABILITY = YES_AGGRESSIVE;
				CLANG_WARN_UNREACHABLE_CODE = YES;
				CLANG_WARN__DUPLICATE_METHOD_MATCH = YES;
				COPY_PHASE_STRIP = NO;
				DEBUG_INFORMATION_FORMAT = dwarf;
				ENABLE_STRICT_OBJC_MSGSEND = YES;
				ENABLE_TESTABILITY = YES;
				ENABLE_USER_SCRIPT_SANDBOXING = YES;
				GCC_C_LANGUAGE_STANDARD = gnu17;
				GCC_DYNAMIC_NO_PIC = NO;
				GCC_NO_COMMON_BLOCKS = YES;
				GCC_OPTIMIZATION_LEVEL = 0;
				GCC_PREPROCESSOR_DEFINITIONS = (
					"DEBUG=1",
					"$(inherited)",
				);
				GCC_WARN_64_TO_32_BIT_CONVERSION = YES;
				GCC_WARN_ABOUT_RETURN_TYPE = YES_ERROR;
				GCC_WARN_UNDECLARED_SELECTOR = YES;
				GCC_WARN_UNINITIALIZED_AUTOS = YES_AGGRESSIVE;
				GCC_WARN_UNUSED_FUNCTION = YES;
				GCC_WARN_UNUSED_VARIABLE = YES;
				IPHONEOS_DEPLOYMENT_TARGET = 17.0;
				LOCALIZATION_PREFERS_STRING_CATALOGS = YES;
				MTL_ENABLE_DEBUG_INFO = INCLUDE_SOURCE;
				MTL_FAST_MATH = YES;
				ONLY_ACTIVE_ARCH = YES;
				SDKROOT = iphoneos;
				SWIFT_ACTIVE_COMPILATION_CONDITIONS = "DEBUG $(inherited)";
				SWIFT_OPTIMIZATION_LEVEL = "-Onone";
			};
			name = Debug;
		};
		DDB4DF492AEED1740051E49E /* Release */ = {
			isa = XCBuildConfiguration;
			buildSettings = {
				ALWAYS_SEARCH_USER_PATHS = NO;
				ASSETCATALOG_COMPILER_GENERATE_SWIFT_ASSET_SYMBOL_EXTENSIONS = YES;
				CLANG_ANALYZER_NONNULL = YES;
				CLANG_ANALYZER_NUMBER_OBJECT_CONVERSION = YES_AGGRESSIVE;
				CLANG_CXX_LANGUAGE_STANDARD = "gnu++20";
				CLANG_ENABLE_MODULES = YES;
				CLANG_ENABLE_OBJC_ARC = YES;
				CLANG_ENABLE_OBJC_WEAK = YES;
				CLANG_WARN_BLOCK_CAPTURE_AUTORELEASING = YES;
				CLANG_WARN_BOOL_CONVERSION = YES;
				CLANG_WARN_COMMA = YES;
				CLANG_WARN_CONSTANT_CONVERSION = YES;
				CLANG_WARN_DEPRECATED_OBJC_IMPLEMENTATIONS = YES;
				CLANG_WARN_DIRECT_OBJC_ISA_USAGE = YES_ERROR;
				CLANG_WARN_DOCUMENTATION_COMMENTS = YES;
				CLANG_WARN_EMPTY_BODY = YES;
				CLANG_WARN_ENUM_CONVERSION = YES;
				CLANG_WARN_INFINITE_RECURSION = YES;
				CLANG_WARN_INT_CONVERSION = YES;
				CLANG_WARN_NON_LITERAL_NULL_CONVERSION = YES;
				CLANG_WARN_OBJC_IMPLICIT_RETAIN_SELF = YES;
				CLANG_WARN_OBJC_LITERAL_CONVERSION = YES;
				CLANG_WARN_OBJC_ROOT_CLASS = YES_ERROR;
				CLANG_WARN_QUOTED_INCLUDE_IN_FRAMEWORK_HEADER = YES;
				CLANG_WARN_RANGE_LOOP_ANALYSIS = YES;
				CLANG_WARN_STRICT_PROTOTYPES = YES;
				CLANG_WARN_SUSPICIOUS_MOVE = YES;
				CLANG_WARN_UNGUARDED_AVAILABILITY = YES_AGGRESSIVE;
				CLANG_WARN_UNREACHABLE_CODE = YES;
				CLANG_WARN__DUPLICATE_METHOD_MATCH = YES;
				COPY_PHASE_STRIP = NO;
				DEBUG_INFORMATION_FORMAT = "dwarf-with-dsym";
				ENABLE_NS_ASSERTIONS = NO;
				ENABLE_STRICT_OBJC_MSGSEND = YES;
				ENABLE_USER_SCRIPT_SANDBOXING = YES;
				GCC_C_LANGUAGE_STANDARD = gnu17;
				GCC_NO_COMMON_BLOCKS = YES;
				GCC_WARN_64_TO_32_BIT_CONVERSION = YES;
				GCC_WARN_ABOUT_RETURN_TYPE = YES_ERROR;
				GCC_WARN_UNDECLARED_SELECTOR = YES;
				GCC_WARN_UNINITIALIZED_AUTOS = YES_AGGRESSIVE;
				GCC_WARN_UNUSED_FUNCTION = YES;
				GCC_WARN_UNUSED_VARIABLE = YES;
				IPHONEOS_DEPLOYMENT_TARGET = 17.0;
				LOCALIZATION_PREFERS_STRING_CATALOGS = YES;
				MTL_ENABLE_DEBUG_INFO = NO;
				MTL_FAST_MATH = YES;
				SDKROOT = iphoneos;
				SWIFT_COMPILATION_MODE = wholemodule;
				VALIDATE_PRODUCT = YES;
			};
			name = Release;
		};
		DDB4DF4B2AEED1740051E49E /* Debug */ = {
			isa = XCBuildConfiguration;
			buildSettings = {
				ASSETCATALOG_COMPILER_APPICON_NAME = AppIcon;
				ASSETCATALOG_COMPILER_GLOBAL_ACCENT_COLOR_NAME = AccentColor;
				CODE_SIGN_STYLE = Automatic;
				CURRENT_PROJECT_VERSION = 1;
				DEVELOPMENT_TEAM = 62VLSN5H88;
				GENERATE_INFOPLIST_FILE = YES;
				INFOPLIST_FILE = "FoodDelivery/Supporting files/Info.plist";
				INFOPLIST_KEY_UIApplicationSupportsIndirectInputEvents = YES;
				INFOPLIST_KEY_UILaunchStoryboardName = LaunchScreen;
				INFOPLIST_KEY_UISupportedInterfaceOrientations = UIInterfaceOrientationPortrait;
				INFOPLIST_KEY_UISupportedInterfaceOrientations_iPad = "UIInterfaceOrientationLandscapeLeft UIInterfaceOrientationLandscapeRight UIInterfaceOrientationPortrait UIInterfaceOrientationPortraitUpsideDown";
				LD_RUNPATH_SEARCH_PATHS = (
					"$(inherited)",
					"@executable_path/Frameworks",
				);
				MARKETING_VERSION = 1.0;
				PRODUCT_BUNDLE_IDENTIFIER = ru.deshab.FoodDelivery;
				PRODUCT_NAME = "$(TARGET_NAME)";
				SUPPORTED_PLATFORMS = "iphoneos iphonesimulator";
				SUPPORTS_MACCATALYST = NO;
				SUPPORTS_MAC_DESIGNED_FOR_IPHONE_IPAD = NO;
				SWIFT_EMIT_LOC_STRINGS = YES;
				SWIFT_VERSION = 5.0;
				TARGETED_DEVICE_FAMILY = 1;
			};
			name = Debug;
		};
		DDB4DF4C2AEED1740051E49E /* Release */ = {
			isa = XCBuildConfiguration;
			buildSettings = {
				ASSETCATALOG_COMPILER_APPICON_NAME = AppIcon;
				ASSETCATALOG_COMPILER_GLOBAL_ACCENT_COLOR_NAME = AccentColor;
				CODE_SIGN_STYLE = Automatic;
				CURRENT_PROJECT_VERSION = 1;
				DEVELOPMENT_TEAM = 62VLSN5H88;
				GENERATE_INFOPLIST_FILE = YES;
				INFOPLIST_FILE = "FoodDelivery/Supporting files/Info.plist";
				INFOPLIST_KEY_UIApplicationSupportsIndirectInputEvents = YES;
				INFOPLIST_KEY_UILaunchStoryboardName = LaunchScreen;
				INFOPLIST_KEY_UISupportedInterfaceOrientations = UIInterfaceOrientationPortrait;
				INFOPLIST_KEY_UISupportedInterfaceOrientations_iPad = "UIInterfaceOrientationLandscapeLeft UIInterfaceOrientationLandscapeRight UIInterfaceOrientationPortrait UIInterfaceOrientationPortraitUpsideDown";
				LD_RUNPATH_SEARCH_PATHS = (
					"$(inherited)",
					"@executable_path/Frameworks",
				);
				MARKETING_VERSION = 1.0;
				PRODUCT_BUNDLE_IDENTIFIER = ru.deshab.FoodDelivery;
				PRODUCT_NAME = "$(TARGET_NAME)";
				SUPPORTED_PLATFORMS = "iphoneos iphonesimulator";
				SUPPORTS_MACCATALYST = NO;
				SUPPORTS_MAC_DESIGNED_FOR_IPHONE_IPAD = NO;
				SWIFT_EMIT_LOC_STRINGS = YES;
				SWIFT_VERSION = 5.0;
				TARGETED_DEVICE_FAMILY = 1;
			};
			name = Release;
		};
/* End XCBuildConfiguration section */

/* Begin XCConfigurationList section */
		DDB4DF312AEED1710051E49E /* Build configuration list for PBXProject "FoodDelivery" */ = {
			isa = XCConfigurationList;
			buildConfigurations = (
				DDB4DF482AEED1740051E49E /* Debug */,
				DDB4DF492AEED1740051E49E /* Release */,
			);
			defaultConfigurationIsVisible = 0;
			defaultConfigurationName = Release;
		};
		DDB4DF4A2AEED1740051E49E /* Build configuration list for PBXNativeTarget "FoodDelivery" */ = {
			isa = XCConfigurationList;
			buildConfigurations = (
				DDB4DF4B2AEED1740051E49E /* Debug */,
				DDB4DF4C2AEED1740051E49E /* Release */,
			);
			defaultConfigurationIsVisible = 0;
			defaultConfigurationName = Release;
		};
/* End XCConfigurationList section */
	};
	rootObject = DDB4DF2E2AEED1710051E49E /* Project object */;
}
